// !$*UTF8*$!
{
	archiveVersion = 1;
	classes = {
	};
	objectVersion = 48;
	objects = {

/* Begin PBXBuildFile section */
		2E247D9A225E836F2C065D6B /* Pods_RealTimeChat.framework in Frameworks */ = {isa = PBXBuildFile; fileRef = 95EB3AB77B64D242350012C4 /* Pods_RealTimeChat.framework */; };
		5E2874810AA8F943EDBA6FA5 /* Pods_RealTimeChatUITests.framework in Frameworks */ = {isa = PBXBuildFile; fileRef = F2116F922F7752EB6FC1780A /* Pods_RealTimeChatUITests.framework */; };
		84ABD2201D1EA34193070411 /* Pods_RealTimeChatTests.framework in Frameworks */ = {isa = PBXBuildFile; fileRef = 2F53A262A021CE76A4BF7E5A /* Pods_RealTimeChatTests.framework */; };
		C340BEE020D04DCA00DF5B04 /* Extension.swift in Sources */ = {isa = PBXBuildFile; fileRef = C340BEDF20D04DCA00DF5B04 /* Extension.swift */; };
		C347D28A20C69F7800F08146 /* AppDelegate.swift in Sources */ = {isa = PBXBuildFile; fileRef = C347D28920C69F7800F08146 /* AppDelegate.swift */; };
		C347D28C20C69F7800F08146 /* ViewController.swift in Sources */ = {isa = PBXBuildFile; fileRef = C347D28B20C69F7800F08146 /* ViewController.swift */; };
		C347D28F20C69F7800F08146 /* Main.storyboard in Resources */ = {isa = PBXBuildFile; fileRef = C347D28D20C69F7800F08146 /* Main.storyboard */; };
		C347D29120C69F7800F08146 /* Assets.xcassets in Resources */ = {isa = PBXBuildFile; fileRef = C347D29020C69F7800F08146 /* Assets.xcassets */; };
		C347D29420C69F7800F08146 /* LaunchScreen.storyboard in Resources */ = {isa = PBXBuildFile; fileRef = C347D29220C69F7800F08146 /* LaunchScreen.storyboard */; };
		C347D29F20C69F7800F08146 /* RealTimeChatTests.swift in Sources */ = {isa = PBXBuildFile; fileRef = C347D29E20C69F7800F08146 /* RealTimeChatTests.swift */; };
		C347D2AA20C69F7800F08146 /* RealTimeChatUITests.swift in Sources */ = {isa = PBXBuildFile; fileRef = C347D2A920C69F7800F08146 /* RealTimeChatUITests.swift */; };
		C347D2B920C6A1DC00F08146 /* LoginController.swift in Sources */ = {isa = PBXBuildFile; fileRef = C347D2B820C6A1DC00F08146 /* LoginController.swift */; };
		C347D2BC20C6A52000F08146 /* UIExtensions.swift in Sources */ = {isa = PBXBuildFile; fileRef = C347D2BB20C6A52000F08146 /* UIExtensions.swift */; };
		C358DE0B20CFA782001B2C7B /* GoogleService-Info.plist in Resources */ = {isa = PBXBuildFile; fileRef = C358DE0A20CFA782001B2C7B /* GoogleService-Info.plist */; };
		C358DE0D20CFEFE5001B2C7B /* NewMessageController.swift in Sources */ = {isa = PBXBuildFile; fileRef = C358DE0C20CFEFE5001B2C7B /* NewMessageController.swift */; };
		C358DE1020CFF5BB001B2C7B /* User.swift in Sources */ = {isa = PBXBuildFile; fileRef = C358DE0F20CFF5BB001B2C7B /* User.swift */; };
		C358DE1220CFFE81001B2C7B /* LoginController + handlers.swift in Sources */ = {isa = PBXBuildFile; fileRef = C358DE1120CFFE81001B2C7B /* LoginController + handlers.swift */; };
/* End PBXBuildFile section */

/* Begin PBXContainerItemProxy section */
		C347D29B20C69F7800F08146 /* PBXContainerItemProxy */ = {
			isa = PBXContainerItemProxy;
			containerPortal = C347D27E20C69F7800F08146 /* Project object */;
			proxyType = 1;
			remoteGlobalIDString = C347D28520C69F7800F08146;
			remoteInfo = RealTimeChat;
		};
		C347D2A620C69F7800F08146 /* PBXContainerItemProxy */ = {
			isa = PBXContainerItemProxy;
			containerPortal = C347D27E20C69F7800F08146 /* Project object */;
			proxyType = 1;
			remoteGlobalIDString = C347D28520C69F7800F08146;
			remoteInfo = RealTimeChat;
		};
/* End PBXContainerItemProxy section */

/* Begin PBXFileReference section */
		1E418F884959B083ACE6B407 /* Pods-RealTimeChat.release.xcconfig */ = {isa = PBXFileReference; includeInIndex = 1; lastKnownFileType = text.xcconfig; name = "Pods-RealTimeChat.release.xcconfig"; path = "Pods/Target Support Files/Pods-RealTimeChat/Pods-RealTimeChat.release.xcconfig"; sourceTree = "<group>"; };
		2F53A262A021CE76A4BF7E5A /* Pods_RealTimeChatTests.framework */ = {isa = PBXFileReference; explicitFileType = wrapper.framework; includeInIndex = 0; path = Pods_RealTimeChatTests.framework; sourceTree = BUILT_PRODUCTS_DIR; };
		578970EB60F1E6E5E0667E4B /* Pods-RealTimeChatUITests.debug.xcconfig */ = {isa = PBXFileReference; includeInIndex = 1; lastKnownFileType = text.xcconfig; name = "Pods-RealTimeChatUITests.debug.xcconfig"; path = "Pods/Target Support Files/Pods-RealTimeChatUITests/Pods-RealTimeChatUITests.debug.xcconfig"; sourceTree = "<group>"; };
		82F38649E92F2B1EB13612E6 /* Pods-RealTimeChatTests.release.xcconfig */ = {isa = PBXFileReference; includeInIndex = 1; lastKnownFileType = text.xcconfig; name = "Pods-RealTimeChatTests.release.xcconfig"; path = "Pods/Target Support Files/Pods-RealTimeChatTests/Pods-RealTimeChatTests.release.xcconfig"; sourceTree = "<group>"; };
		95EB3AB77B64D242350012C4 /* Pods_RealTimeChat.framework */ = {isa = PBXFileReference; explicitFileType = wrapper.framework; includeInIndex = 0; path = Pods_RealTimeChat.framework; sourceTree = BUILT_PRODUCTS_DIR; };
		9A8B92B4031EBDF28A451B20 /* Pods-RealTimeChatTests.debug.xcconfig */ = {isa = PBXFileReference; includeInIndex = 1; lastKnownFileType = text.xcconfig; name = "Pods-RealTimeChatTests.debug.xcconfig"; path = "Pods/Target Support Files/Pods-RealTimeChatTests/Pods-RealTimeChatTests.debug.xcconfig"; sourceTree = "<group>"; };
		C340BEDF20D04DCA00DF5B04 /* Extension.swift */ = {isa = PBXFileReference; lastKnownFileType = sourcecode.swift; path = Extension.swift; sourceTree = "<group>"; };
		C347D28620C69F7800F08146 /* RealTimeChat.app */ = {isa = PBXFileReference; explicitFileType = wrapper.application; includeInIndex = 0; path = RealTimeChat.app; sourceTree = BUILT_PRODUCTS_DIR; };
		C347D28920C69F7800F08146 /* AppDelegate.swift */ = {isa = PBXFileReference; lastKnownFileType = sourcecode.swift; path = AppDelegate.swift; sourceTree = "<group>"; };
		C347D28B20C69F7800F08146 /* ViewController.swift */ = {isa = PBXFileReference; lastKnownFileType = sourcecode.swift; path = ViewController.swift; sourceTree = "<group>"; };
		C347D28E20C69F7800F08146 /* Base */ = {isa = PBXFileReference; lastKnownFileType = file.storyboard; name = Base; path = Base.lproj/Main.storyboard; sourceTree = "<group>"; };
		C347D29020C69F7800F08146 /* Assets.xcassets */ = {isa = PBXFileReference; lastKnownFileType = folder.assetcatalog; path = Assets.xcassets; sourceTree = "<group>"; };
		C347D29320C69F7800F08146 /* Base */ = {isa = PBXFileReference; lastKnownFileType = file.storyboard; name = Base; path = Base.lproj/LaunchScreen.storyboard; sourceTree = "<group>"; };
		C347D29520C69F7800F08146 /* Info.plist */ = {isa = PBXFileReference; lastKnownFileType = text.plist.xml; path = Info.plist; sourceTree = "<group>"; };
		C347D29A20C69F7800F08146 /* RealTimeChatTests.xctest */ = {isa = PBXFileReference; explicitFileType = wrapper.cfbundle; includeInIndex = 0; path = RealTimeChatTests.xctest; sourceTree = BUILT_PRODUCTS_DIR; };
		C347D29E20C69F7800F08146 /* RealTimeChatTests.swift */ = {isa = PBXFileReference; lastKnownFileType = sourcecode.swift; path = RealTimeChatTests.swift; sourceTree = "<group>"; };
		C347D2A020C69F7800F08146 /* Info.plist */ = {isa = PBXFileReference; lastKnownFileType = text.plist.xml; path = Info.plist; sourceTree = "<group>"; };
		C347D2A520C69F7800F08146 /* RealTimeChatUITests.xctest */ = {isa = PBXFileReference; explicitFileType = wrapper.cfbundle; includeInIndex = 0; path = RealTimeChatUITests.xctest; sourceTree = BUILT_PRODUCTS_DIR; };
		C347D2A920C69F7800F08146 /* RealTimeChatUITests.swift */ = {isa = PBXFileReference; lastKnownFileType = sourcecode.swift; path = RealTimeChatUITests.swift; sourceTree = "<group>"; };
		C347D2AB20C69F7800F08146 /* Info.plist */ = {isa = PBXFileReference; lastKnownFileType = text.plist.xml; path = Info.plist; sourceTree = "<group>"; };
		C347D2B820C6A1DC00F08146 /* LoginController.swift */ = {isa = PBXFileReference; lastKnownFileType = sourcecode.swift; path = LoginController.swift; sourceTree = "<group>"; };
		C347D2BB20C6A52000F08146 /* UIExtensions.swift */ = {isa = PBXFileReference; lastKnownFileType = sourcecode.swift; path = UIExtensions.swift; sourceTree = "<group>"; };
		C358DE0A20CFA782001B2C7B /* GoogleService-Info.plist */ = {isa = PBXFileReference; fileEncoding = 4; lastKnownFileType = text.plist.xml; path = "GoogleService-Info.plist"; sourceTree = "<group>"; };
		C358DE0C20CFEFE5001B2C7B /* NewMessageController.swift */ = {isa = PBXFileReference; lastKnownFileType = sourcecode.swift; path = NewMessageController.swift; sourceTree = "<group>"; };
		C358DE0F20CFF5BB001B2C7B /* User.swift */ = {isa = PBXFileReference; lastKnownFileType = sourcecode.swift; path = User.swift; sourceTree = "<group>"; };
		C358DE1120CFFE81001B2C7B /* LoginController + handlers.swift */ = {isa = PBXFileReference; lastKnownFileType = sourcecode.swift; path = "LoginController + handlers.swift"; sourceTree = "<group>"; };
		DA86B198DF06EC59FB2BDC2D /* Pods-RealTimeChatUITests.release.xcconfig */ = {isa = PBXFileReference; includeInIndex = 1; lastKnownFileType = text.xcconfig; name = "Pods-RealTimeChatUITests.release.xcconfig"; path = "Pods/Target Support Files/Pods-RealTimeChatUITests/Pods-RealTimeChatUITests.release.xcconfig"; sourceTree = "<group>"; };
		F2116F922F7752EB6FC1780A /* Pods_RealTimeChatUITests.framework */ = {isa = PBXFileReference; explicitFileType = wrapper.framework; includeInIndex = 0; path = Pods_RealTimeChatUITests.framework; sourceTree = BUILT_PRODUCTS_DIR; };
		FDBE454110118C40BA593FA4 /* Pods-RealTimeChat.debug.xcconfig */ = {isa = PBXFileReference; includeInIndex = 1; lastKnownFileType = text.xcconfig; name = "Pods-RealTimeChat.debug.xcconfig"; path = "Pods/Target Support Files/Pods-RealTimeChat/Pods-RealTimeChat.debug.xcconfig"; sourceTree = "<group>"; };
/* End PBXFileReference section */

/* Begin PBXFrameworksBuildPhase section */
		C347D28320C69F7800F08146 /* Frameworks */ = {
			isa = PBXFrameworksBuildPhase;
			buildActionMask = 2147483647;
			files = (
				2E247D9A225E836F2C065D6B /* Pods_RealTimeChat.framework in Frameworks */,
			);
			runOnlyForDeploymentPostprocessing = 0;
		};
		C347D29720C69F7800F08146 /* Frameworks */ = {
			isa = PBXFrameworksBuildPhase;
			buildActionMask = 2147483647;
			files = (
				84ABD2201D1EA34193070411 /* Pods_RealTimeChatTests.framework in Frameworks */,
			);
			runOnlyForDeploymentPostprocessing = 0;
		};
		C347D2A220C69F7800F08146 /* Frameworks */ = {
			isa = PBXFrameworksBuildPhase;
			buildActionMask = 2147483647;
			files = (
				5E2874810AA8F943EDBA6FA5 /* Pods_RealTimeChatUITests.framework in Frameworks */,
			);
			runOnlyForDeploymentPostprocessing = 0;
		};
/* End PBXFrameworksBuildPhase section */

/* Begin PBXGroup section */
		3FB73F44DD30D5EF57EE076B /* Frameworks */ = {
			isa = PBXGroup;
			children = (
				95EB3AB77B64D242350012C4 /* Pods_RealTimeChat.framework */,
				2F53A262A021CE76A4BF7E5A /* Pods_RealTimeChatTests.framework */,
				F2116F922F7752EB6FC1780A /* Pods_RealTimeChatUITests.framework */,
			);
			name = Frameworks;
			sourceTree = "<group>";
		};
		AB718B160DFFAD76F85AC8B0 /* Pods */ = {
			isa = PBXGroup;
			children = (
				FDBE454110118C40BA593FA4 /* Pods-RealTimeChat.debug.xcconfig */,
				1E418F884959B083ACE6B407 /* Pods-RealTimeChat.release.xcconfig */,
				9A8B92B4031EBDF28A451B20 /* Pods-RealTimeChatTests.debug.xcconfig */,
				82F38649E92F2B1EB13612E6 /* Pods-RealTimeChatTests.release.xcconfig */,
				578970EB60F1E6E5E0667E4B /* Pods-RealTimeChatUITests.debug.xcconfig */,
				DA86B198DF06EC59FB2BDC2D /* Pods-RealTimeChatUITests.release.xcconfig */,
			);
			name = Pods;
			sourceTree = "<group>";
		};
		C340BEDE20D04DA300DF5B04 /* Helpers */ = {
			isa = PBXGroup;
			children = (
				C340BEDF20D04DCA00DF5B04 /* Extension.swift */,
			);
			path = Helpers;
			sourceTree = "<group>";
		};
		C347D27D20C69F7800F08146 = {
			isa = PBXGroup;
			children = (
				C347D28820C69F7800F08146 /* RealTimeChat */,
				C347D29D20C69F7800F08146 /* RealTimeChatTests */,
				C347D2A820C69F7800F08146 /* RealTimeChatUITests */,
				C347D28720C69F7800F08146 /* Products */,
				AB718B160DFFAD76F85AC8B0 /* Pods */,
				3FB73F44DD30D5EF57EE076B /* Frameworks */,
			);
			sourceTree = "<group>";
		};
		C347D28720C69F7800F08146 /* Products */ = {
			isa = PBXGroup;
			children = (
				C347D28620C69F7800F08146 /* RealTimeChat.app */,
				C347D29A20C69F7800F08146 /* RealTimeChatTests.xctest */,
				C347D2A520C69F7800F08146 /* RealTimeChatUITests.xctest */,
			);
			name = Products;
			sourceTree = "<group>";
		};
		C347D28820C69F7800F08146 /* RealTimeChat */ = {
			isa = PBXGroup;
			children = (
				C340BEDE20D04DA300DF5B04 /* Helpers */,
				C358DE0E20CFF5AB001B2C7B /* Model */,
				C347D2BA20C6A51000F08146 /* Utils */,
				C347D2B720C6A1B600F08146 /* Controllers */,
				C347D28920C69F7800F08146 /* AppDelegate.swift */,
				C347D28B20C69F7800F08146 /* ViewController.swift */,
				C347D28D20C69F7800F08146 /* Main.storyboard */,
				C347D29020C69F7800F08146 /* Assets.xcassets */,
				C347D29220C69F7800F08146 /* LaunchScreen.storyboard */,
				C358DE0A20CFA782001B2C7B /* GoogleService-Info.plist */,
				C347D29520C69F7800F08146 /* Info.plist */,
			);
			path = RealTimeChat;
			sourceTree = "<group>";
		};
		C347D29D20C69F7800F08146 /* RealTimeChatTests */ = {
			isa = PBXGroup;
			children = (
				C347D29E20C69F7800F08146 /* RealTimeChatTests.swift */,
				C347D2A020C69F7800F08146 /* Info.plist */,
			);
			path = RealTimeChatTests;
			sourceTree = "<group>";
		};
		C347D2A820C69F7800F08146 /* RealTimeChatUITests */ = {
			isa = PBXGroup;
			children = (
				C347D2A920C69F7800F08146 /* RealTimeChatUITests.swift */,
				C347D2AB20C69F7800F08146 /* Info.plist */,
			);
			path = RealTimeChatUITests;
			sourceTree = "<group>";
		};
		C347D2B720C6A1B600F08146 /* Controllers */ = {
			isa = PBXGroup;
			children = (
				C347D2B820C6A1DC00F08146 /* LoginController.swift */,
				C358DE0C20CFEFE5001B2C7B /* NewMessageController.swift */,
				C358DE1120CFFE81001B2C7B /* LoginController + handlers.swift */,
			);
			path = Controllers;
			sourceTree = "<group>";
		};
		C347D2BA20C6A51000F08146 /* Utils */ = {
			isa = PBXGroup;
			children = (
				C347D2BB20C6A52000F08146 /* UIExtensions.swift */,
			);
			path = Utils;
			sourceTree = "<group>";
		};
		C358DE0E20CFF5AB001B2C7B /* Model */ = {
			isa = PBXGroup;
			children = (
				C358DE0F20CFF5BB001B2C7B /* User.swift */,
			);
			path = Model;
			sourceTree = "<group>";
		};
/* End PBXGroup section */

/* Begin PBXNativeTarget section */
		C347D28520C69F7800F08146 /* RealTimeChat */ = {
			isa = PBXNativeTarget;
			buildConfigurationList = C347D2AE20C69F7800F08146 /* Build configuration list for PBXNativeTarget "RealTimeChat" */;
			buildPhases = (
				1D15D4D35CB4822B7C5CEC08 /* [CP] Check Pods Manifest.lock */,
				C347D28220C69F7800F08146 /* Sources */,
				C347D28320C69F7800F08146 /* Frameworks */,
				C347D28420C69F7800F08146 /* Resources */,
				41365FAC6CBCEF9E62E9CAD2 /* [CP] Embed Pods Frameworks */,
			);
			buildRules = (
			);
			dependencies = (
			);
			name = RealTimeChat;
			productName = RealTimeChat;
			productReference = C347D28620C69F7800F08146 /* RealTimeChat.app */;
			productType = "com.apple.product-type.application";
		};
		C347D29920C69F7800F08146 /* RealTimeChatTests */ = {
			isa = PBXNativeTarget;
			buildConfigurationList = C347D2B120C69F7800F08146 /* Build configuration list for PBXNativeTarget "RealTimeChatTests" */;
			buildPhases = (
				BD990816D8668B3F00DB1925 /* [CP] Check Pods Manifest.lock */,
				C347D29620C69F7800F08146 /* Sources */,
				C347D29720C69F7800F08146 /* Frameworks */,
				C347D29820C69F7800F08146 /* Resources */,
			);
			buildRules = (
			);
			dependencies = (
				C347D29C20C69F7800F08146 /* PBXTargetDependency */,
			);
			name = RealTimeChatTests;
			productName = RealTimeChatTests;
			productReference = C347D29A20C69F7800F08146 /* RealTimeChatTests.xctest */;
			productType = "com.apple.product-type.bundle.unit-test";
		};
		C347D2A420C69F7800F08146 /* RealTimeChatUITests */ = {
			isa = PBXNativeTarget;
			buildConfigurationList = C347D2B420C69F7800F08146 /* Build configuration list for PBXNativeTarget "RealTimeChatUITests" */;
			buildPhases = (
				5201A82B94195CCAF8AFDC2E /* [CP] Check Pods Manifest.lock */,
				C347D2A120C69F7800F08146 /* Sources */,
				C347D2A220C69F7800F08146 /* Frameworks */,
				C347D2A320C69F7800F08146 /* Resources */,
			);
			buildRules = (
			);
			dependencies = (
				C347D2A720C69F7800F08146 /* PBXTargetDependency */,
			);
			name = RealTimeChatUITests;
			productName = RealTimeChatUITests;
			productReference = C347D2A520C69F7800F08146 /* RealTimeChatUITests.xctest */;
			productType = "com.apple.product-type.bundle.ui-testing";
		};
/* End PBXNativeTarget section */

/* Begin PBXProject section */
		C347D27E20C69F7800F08146 /* Project object */ = {
			isa = PBXProject;
			attributes = {
				LastSwiftUpdateCheck = 0920;
				LastUpgradeCheck = 0920;
				ORGANIZATIONNAME = iosadmin;
				TargetAttributes = {
					C347D28520C69F7800F08146 = {
						CreatedOnToolsVersion = 9.2;
						ProvisioningStyle = Automatic;
					};
					C347D29920C69F7800F08146 = {
						CreatedOnToolsVersion = 9.2;
						ProvisioningStyle = Automatic;
						TestTargetID = C347D28520C69F7800F08146;
					};
					C347D2A420C69F7800F08146 = {
						CreatedOnToolsVersion = 9.2;
						ProvisioningStyle = Automatic;
						TestTargetID = C347D28520C69F7800F08146;
					};
				};
			};
			buildConfigurationList = C347D28120C69F7800F08146 /* Build configuration list for PBXProject "RealTimeChat" */;
			compatibilityVersion = "Xcode 8.0";
			developmentRegion = en;
			hasScannedForEncodings = 0;
			knownRegions = (
				en,
				Base,
			);
			mainGroup = C347D27D20C69F7800F08146;
			productRefGroup = C347D28720C69F7800F08146 /* Products */;
			projectDirPath = "";
			projectRoot = "";
			targets = (
				C347D28520C69F7800F08146 /* RealTimeChat */,
				C347D29920C69F7800F08146 /* RealTimeChatTests */,
				C347D2A420C69F7800F08146 /* RealTimeChatUITests */,
			);
		};
/* End PBXProject section */

/* Begin PBXResourcesBuildPhase section */
		C347D28420C69F7800F08146 /* Resources */ = {
			isa = PBXResourcesBuildPhase;
			buildActionMask = 2147483647;
			files = (
				C347D29420C69F7800F08146 /* LaunchScreen.storyboard in Resources */,
				C358DE0B20CFA782001B2C7B /* GoogleService-Info.plist in Resources */,
				C347D29120C69F7800F08146 /* Assets.xcassets in Resources */,
				C347D28F20C69F7800F08146 /* Main.storyboard in Resources */,
			);
			runOnlyForDeploymentPostprocessing = 0;
		};
		C347D29820C69F7800F08146 /* Resources */ = {
			isa = PBXResourcesBuildPhase;
			buildActionMask = 2147483647;
			files = (
			);
			runOnlyForDeploymentPostprocessing = 0;
		};
		C347D2A320C69F7800F08146 /* Resources */ = {
			isa = PBXResourcesBuildPhase;
			buildActionMask = 2147483647;
			files = (
			);
			runOnlyForDeploymentPostprocessing = 0;
		};
/* End PBXResourcesBuildPhase section */

/* Begin PBXShellScriptBuildPhase section */
		1D15D4D35CB4822B7C5CEC08 /* [CP] Check Pods Manifest.lock */ = {
			isa = PBXShellScriptBuildPhase;
			buildActionMask = 2147483647;
			files = (
			);
			inputPaths = (
				"${PODS_PODFILE_DIR_PATH}/Podfile.lock",
				"${PODS_ROOT}/Manifest.lock",
			);
			name = "[CP] Check Pods Manifest.lock";
			outputPaths = (
				"$(DERIVED_FILE_DIR)/Pods-RealTimeChat-checkManifestLockResult.txt",
			);
			runOnlyForDeploymentPostprocessing = 0;
			shellPath = /bin/sh;
			shellScript = "diff \"${PODS_PODFILE_DIR_PATH}/Podfile.lock\" \"${PODS_ROOT}/Manifest.lock\" > /dev/null\nif [ $? != 0 ] ; then\n    # print error to STDERR\n    echo \"error: The sandbox is not in sync with the Podfile.lock. Run 'pod install' or update your CocoaPods installation.\" >&2\n    exit 1\nfi\n# This output is used by Xcode 'outputs' to avoid re-running this script phase.\necho \"SUCCESS\" > \"${SCRIPT_OUTPUT_FILE_0}\"\n";
			showEnvVarsInLog = 0;
		};
		41365FAC6CBCEF9E62E9CAD2 /* [CP] Embed Pods Frameworks */ = {
			isa = PBXShellScriptBuildPhase;
			buildActionMask = 2147483647;
			files = (
			);
			inputPaths = (
				"${SRCROOT}/Pods/Target Support Files/Pods-RealTimeChat/Pods-RealTimeChat-frameworks.sh",
				"${BUILT_PRODUCTS_DIR}/GTMSessionFetcher/GTMSessionFetcher.framework",
				"${BUILT_PRODUCTS_DIR}/GoogleToolboxForMac/GoogleToolboxForMac.framework",
				"${BUILT_PRODUCTS_DIR}/leveldb-library/leveldb.framework",
				"${BUILT_PRODUCTS_DIR}/nanopb/nanopb.framework",
			);
			name = "[CP] Embed Pods Frameworks";
			outputPaths = (
				"${TARGET_BUILD_DIR}/${FRAMEWORKS_FOLDER_PATH}/GTMSessionFetcher.framework",
				"${TARGET_BUILD_DIR}/${FRAMEWORKS_FOLDER_PATH}/GoogleToolboxForMac.framework",
				"${TARGET_BUILD_DIR}/${FRAMEWORKS_FOLDER_PATH}/leveldb.framework",
				"${TARGET_BUILD_DIR}/${FRAMEWORKS_FOLDER_PATH}/nanopb.framework",
			);
			runOnlyForDeploymentPostprocessing = 0;
			shellPath = /bin/sh;
			shellScript = "\"${SRCROOT}/Pods/Target Support Files/Pods-RealTimeChat/Pods-RealTimeChat-frameworks.sh\"\n";
			showEnvVarsInLog = 0;
		};
		5201A82B94195CCAF8AFDC2E /* [CP] Check Pods Manifest.lock */ = {
			isa = PBXShellScriptBuildPhase;
			buildActionMask = 2147483647;
			files = (
			);
			inputPaths = (
				"${PODS_PODFILE_DIR_PATH}/Podfile.lock",
				"${PODS_ROOT}/Manifest.lock",
			);
			name = "[CP] Check Pods Manifest.lock";
			outputPaths = (
				"$(DERIVED_FILE_DIR)/Pods-RealTimeChatUITests-checkManifestLockResult.txt",
			);
			runOnlyForDeploymentPostprocessing = 0;
			shellPath = /bin/sh;
			shellScript = "diff \"${PODS_PODFILE_DIR_PATH}/Podfile.lock\" \"${PODS_ROOT}/Manifest.lock\" > /dev/null\nif [ $? != 0 ] ; then\n    # print error to STDERR\n    echo \"error: The sandbox is not in sync with the Podfile.lock. Run 'pod install' or update your CocoaPods installation.\" >&2\n    exit 1\nfi\n# This output is used by Xcode 'outputs' to avoid re-running this script phase.\necho \"SUCCESS\" > \"${SCRIPT_OUTPUT_FILE_0}\"\n";
			showEnvVarsInLog = 0;
		};
		BD990816D8668B3F00DB1925 /* [CP] Check Pods Manifest.lock */ = {
			isa = PBXShellScriptBuildPhase;
			buildActionMask = 2147483647;
			files = (
			);
			inputPaths = (
				"${PODS_PODFILE_DIR_PATH}/Podfile.lock",
				"${PODS_ROOT}/Manifest.lock",
			);
			name = "[CP] Check Pods Manifest.lock";
			outputPaths = (
				"$(DERIVED_FILE_DIR)/Pods-RealTimeChatTests-checkManifestLockResult.txt",
			);
			runOnlyForDeploymentPostprocessing = 0;
			shellPath = /bin/sh;
			shellScript = "diff \"${PODS_PODFILE_DIR_PATH}/Podfile.lock\" \"${PODS_ROOT}/Manifest.lock\" > /dev/null\nif [ $? != 0 ] ; then\n    # print error to STDERR\n    echo \"error: The sandbox is not in sync with the Podfile.lock. Run 'pod install' or update your CocoaPods installation.\" >&2\n    exit 1\nfi\n# This output is used by Xcode 'outputs' to avoid re-running this script phase.\necho \"SUCCESS\" > \"${SCRIPT_OUTPUT_FILE_0}\"\n";
			showEnvVarsInLog = 0;
		};
/* End PBXShellScriptBuildPhase section */

/* Begin PBXSourcesBuildPhase section */
		C347D28220C69F7800F08146 /* Sources */ = {
			isa = PBXSourcesBuildPhase;
			buildActionMask = 2147483647;
			files = (
				C347D28C20C69F7800F08146 /* ViewController.swift in Sources */,
				C358DE0D20CFEFE5001B2C7B /* NewMessageController.swift in Sources */,
				C358DE1020CFF5BB001B2C7B /* User.swift in Sources */,
				C358DE1220CFFE81001B2C7B /* LoginController + handlers.swift in Sources */,
				C347D2B920C6A1DC00F08146 /* LoginController.swift in Sources */,
				C347D28A20C69F7800F08146 /* AppDelegate.swift in Sources */,
				C347D2BC20C6A52000F08146 /* UIExtensions.swift in Sources */,
				C340BEE020D04DCA00DF5B04 /* Extension.swift in Sources */,
			);
			runOnlyForDeploymentPostprocessing = 0;
		};
		C347D29620C69F7800F08146 /* Sources */ = {
			isa = PBXSourcesBuildPhase;
			buildActionMask = 2147483647;
			files = (
				C347D29F20C69F7800F08146 /* RealTimeChatTests.swift in Sources */,
			);
			runOnlyForDeploymentPostprocessing = 0;
		};
		C347D2A120C69F7800F08146 /* Sources */ = {
			isa = PBXSourcesBuildPhase;
			buildActionMask = 2147483647;
			files = (
				C347D2AA20C69F7800F08146 /* RealTimeChatUITests.swift in Sources */,
			);
			runOnlyForDeploymentPostprocessing = 0;
		};
/* End PBXSourcesBuildPhase section */

/* Begin PBXTargetDependency section */
		C347D29C20C69F7800F08146 /* PBXTargetDependency */ = {
			isa = PBXTargetDependency;
			target = C347D28520C69F7800F08146 /* RealTimeChat */;
			targetProxy = C347D29B20C69F7800F08146 /* PBXContainerItemProxy */;
		};
		C347D2A720C69F7800F08146 /* PBXTargetDependency */ = {
			isa = PBXTargetDependency;
			target = C347D28520C69F7800F08146 /* RealTimeChat */;
			targetProxy = C347D2A620C69F7800F08146 /* PBXContainerItemProxy */;
		};
/* End PBXTargetDependency section */

/* Begin PBXVariantGroup section */
		C347D28D20C69F7800F08146 /* Main.storyboard */ = {
			isa = PBXVariantGroup;
			children = (
				C347D28E20C69F7800F08146 /* Base */,
			);
			name = Main.storyboard;
			sourceTree = "<group>";
		};
		C347D29220C69F7800F08146 /* LaunchScreen.storyboard */ = {
			isa = PBXVariantGroup;
			children = (
				C347D29320C69F7800F08146 /* Base */,
			);
			name = LaunchScreen.storyboard;
			sourceTree = "<group>";
		};
/* End PBXVariantGroup section */

/* Begin XCBuildConfiguration section */
		C347D2AC20C69F7800F08146 /* Debug */ = {
			isa = XCBuildConfiguration;
			buildSettings = {
				ALWAYS_SEARCH_USER_PATHS = NO;
				CLANG_ANALYZER_NONNULL = YES;
				CLANG_ANALYZER_NUMBER_OBJECT_CONVERSION = YES_AGGRESSIVE;
				CLANG_CXX_LANGUAGE_STANDARD = "gnu++14";
				CLANG_CXX_LIBRARY = "libc++";
				CLANG_ENABLE_MODULES = YES;
				CLANG_ENABLE_OBJC_ARC = YES;
				CLANG_WARN_BLOCK_CAPTURE_AUTORELEASING = YES;
				CLANG_WARN_BOOL_CONVERSION = YES;
				CLANG_WARN_COMMA = YES;
				CLANG_WARN_CONSTANT_CONVERSION = YES;
				CLANG_WARN_DIRECT_OBJC_ISA_USAGE = YES_ERROR;
				CLANG_WARN_DOCUMENTATION_COMMENTS = YES;
				CLANG_WARN_EMPTY_BODY = YES;
				CLANG_WARN_ENUM_CONVERSION = YES;
				CLANG_WARN_INFINITE_RECURSION = YES;
				CLANG_WARN_INT_CONVERSION = YES;
				CLANG_WARN_NON_LITERAL_NULL_CONVERSION = YES;
				CLANG_WARN_OBJC_LITERAL_CONVERSION = YES;
				CLANG_WARN_OBJC_ROOT_CLASS = YES_ERROR;
				CLANG_WARN_RANGE_LOOP_ANALYSIS = YES;
				CLANG_WARN_STRICT_PROTOTYPES = YES;
				CLANG_WARN_SUSPICIOUS_MOVE = YES;
				CLANG_WARN_UNGUARDED_AVAILABILITY = YES_AGGRESSIVE;
				CLANG_WARN_UNREACHABLE_CODE = YES;
				CLANG_WARN__DUPLICATE_METHOD_MATCH = YES;
				CODE_SIGN_IDENTITY = "iPhone Developer";
				COPY_PHASE_STRIP = NO;
				DEBUG_INFORMATION_FORMAT = dwarf;
				ENABLE_STRICT_OBJC_MSGSEND = YES;
				ENABLE_TESTABILITY = YES;
				GCC_C_LANGUAGE_STANDARD = gnu11;
				GCC_DYNAMIC_NO_PIC = NO;
				GCC_NO_COMMON_BLOCKS = YES;
				GCC_OPTIMIZATION_LEVEL = 0;
				GCC_PREPROCESSOR_DEFINITIONS = (
					"DEBUG=1",
					"$(inherited)",
				);
				GCC_WARN_64_TO_32_BIT_CONVERSION = YES;
				GCC_WARN_ABOUT_RETURN_TYPE = YES_ERROR;
				GCC_WARN_UNDECLARED_SELECTOR = YES;
				GCC_WARN_UNINITIALIZED_AUTOS = YES_AGGRESSIVE;
				GCC_WARN_UNUSED_FUNCTION = YES;
				GCC_WARN_UNUSED_VARIABLE = YES;
				IPHONEOS_DEPLOYMENT_TARGET = 11.2;
				MTL_ENABLE_DEBUG_INFO = YES;
				ONLY_ACTIVE_ARCH = YES;
				SDKROOT = iphoneos;
				SWIFT_ACTIVE_COMPILATION_CONDITIONS = DEBUG;
				SWIFT_OPTIMIZATION_LEVEL = "-Onone";
			};
			name = Debug;
		};
		C347D2AD20C69F7800F08146 /* Release */ = {
			isa = XCBuildConfiguration;
			buildSettings = {
				ALWAYS_SEARCH_USER_PATHS = NO;
				CLANG_ANALYZER_NONNULL = YES;
				CLANG_ANALYZER_NUMBER_OBJECT_CONVERSION = YES_AGGRESSIVE;
				CLANG_CXX_LANGUAGE_STANDARD = "gnu++14";
				CLANG_CXX_LIBRARY = "libc++";
				CLANG_ENABLE_MODULES = YES;
				CLANG_ENABLE_OBJC_ARC = YES;
				CLANG_WARN_BLOCK_CAPTURE_AUTORELEASING = YES;
				CLANG_WARN_BOOL_CONVERSION = YES;
				CLANG_WARN_COMMA = YES;
				CLANG_WARN_CONSTANT_CONVERSION = YES;
				CLANG_WARN_DIRECT_OBJC_ISA_USAGE = YES_ERROR;
				CLANG_WARN_DOCUMENTATION_COMMENTS = YES;
				CLANG_WARN_EMPTY_BODY = YES;
				CLANG_WARN_ENUM_CONVERSION = YES;
				CLANG_WARN_INFINITE_RECURSION = YES;
				CLANG_WARN_INT_CONVERSION = YES;
				CLANG_WARN_NON_LITERAL_NULL_CONVERSION = YES;
				CLANG_WARN_OBJC_LITERAL_CONVERSION = YES;
				CLANG_WARN_OBJC_ROOT_CLASS = YES_ERROR;
				CLANG_WARN_RANGE_LOOP_ANALYSIS = YES;
				CLANG_WARN_STRICT_PROTOTYPES = YES;
				CLANG_WARN_SUSPICIOUS_MOVE = YES;
				CLANG_WARN_UNGUARDED_AVAILABILITY = YES_AGGRESSIVE;
				CLANG_WARN_UNREACHABLE_CODE = YES;
				CLANG_WARN__DUPLICATE_METHOD_MATCH = YES;
				CODE_SIGN_IDENTITY = "iPhone Developer";
				COPY_PHASE_STRIP = NO;
				DEBUG_INFORMATION_FORMAT = "dwarf-with-dsym";
				ENABLE_NS_ASSERTIONS = NO;
				ENABLE_STRICT_OBJC_MSGSEND = YES;
				GCC_C_LANGUAGE_STANDARD = gnu11;
				GCC_NO_COMMON_BLOCKS = YES;
				GCC_WARN_64_TO_32_BIT_CONVERSION = YES;
				GCC_WARN_ABOUT_RETURN_TYPE = YES_ERROR;
				GCC_WARN_UNDECLARED_SELECTOR = YES;
				GCC_WARN_UNINITIALIZED_AUTOS = YES_AGGRESSIVE;
				GCC_WARN_UNUSED_FUNCTION = YES;
				GCC_WARN_UNUSED_VARIABLE = YES;
				IPHONEOS_DEPLOYMENT_TARGET = 11.2;
				MTL_ENABLE_DEBUG_INFO = NO;
				SDKROOT = iphoneos;
				SWIFT_OPTIMIZATION_LEVEL = "-Owholemodule";
				VALIDATE_PRODUCT = YES;
			};
			name = Release;
		};
		C347D2AF20C69F7800F08146 /* Debug */ = {
			isa = XCBuildConfiguration;
			baseConfigurationReference = FDBE454110118C40BA593FA4 /* Pods-RealTimeChat.debug.xcconfig */;
			buildSettings = {
				ASSETCATALOG_COMPILER_APPICON_NAME = AppIcon;
				CODE_SIGN_STYLE = Automatic;
				INFOPLIST_FILE = RealTimeChat/Info.plist;
				LD_RUNPATH_SEARCH_PATHS = "$(inherited) @executable_path/Frameworks";
				PRODUCT_BUNDLE_IDENTIFIER = huy.trinh.RealTimeChat;
				PRODUCT_NAME = "$(TARGET_NAME)";
				SWIFT_VERSION = 4.0;
				TARGETED_DEVICE_FAMILY = "1,2";
			};
			name = Debug;
		};
		C347D2B020C69F7800F08146 /* Release */ = {
			isa = XCBuildConfiguration;
			baseConfigurationReference = 1E418F884959B083ACE6B407 /* Pods-RealTimeChat.release.xcconfig */;
			buildSettings = {
				ASSETCATALOG_COMPILER_APPICON_NAME = AppIcon;
				CODE_SIGN_STYLE = Automatic;
				INFOPLIST_FILE = RealTimeChat/Info.plist;
				LD_RUNPATH_SEARCH_PATHS = "$(inherited) @executable_path/Frameworks";
				PRODUCT_BUNDLE_IDENTIFIER = huy.trinh.RealTimeChat;
				PRODUCT_NAME = "$(TARGET_NAME)";
				SWIFT_VERSION = 4.0;
				TARGETED_DEVICE_FAMILY = "1,2";
			};
			name = Release;
		};
		C347D2B220C69F7800F08146 /* Debug */ = {
			isa = XCBuildConfiguration;
			baseConfigurationReference = 9A8B92B4031EBDF28A451B20 /* Pods-RealTimeChatTests.debug.xcconfig */;
			buildSettings = {
				ALWAYS_EMBED_SWIFT_STANDARD_LIBRARIES = YES;
				BUNDLE_LOADER = "$(TEST_HOST)";
				CODE_SIGN_STYLE = Automatic;
				INFOPLIST_FILE = RealTimeChatTests/Info.plist;
				LD_RUNPATH_SEARCH_PATHS = "$(inherited) @executable_path/Frameworks @loader_path/Frameworks";
				PRODUCT_BUNDLE_IDENTIFIER = huy.trinh.RealTimeChatTests;
				PRODUCT_NAME = "$(TARGET_NAME)";
				SWIFT_VERSION = 4.0;
				TARGETED_DEVICE_FAMILY = "1,2";
				TEST_HOST = "$(BUILT_PRODUCTS_DIR)/RealTimeChat.app/RealTimeChat";
			};
			name = Debug;
		};
		C347D2B320C69F7800F08146 /* Release */ = {
			isa = XCBuildConfiguration;
			baseConfigurationReference = 82F38649E92F2B1EB13612E6 /* Pods-RealTimeChatTests.release.xcconfig */;
			buildSettings = {
				ALWAYS_EMBED_SWIFT_STANDARD_LIBRARIES = YES;
				BUNDLE_LOADER = "$(TEST_HOST)";
				CODE_SIGN_STYLE = Automatic;
				INFOPLIST_FILE = RealTimeChatTests/Info.plist;
				LD_RUNPATH_SEARCH_PATHS = "$(inherited) @executable_path/Frameworks @loader_path/Frameworks";
				PRODUCT_BUNDLE_IDENTIFIER = huy.trinh.RealTimeChatTests;
				PRODUCT_NAME = "$(TARGET_NAME)";
				SWIFT_VERSION = 4.0;
				TARGETED_DEVICE_FAMILY = "1,2";
				TEST_HOST = "$(BUILT_PRODUCTS_DIR)/RealTimeChat.app/RealTimeChat";
			};
			name = Release;
		};
		C347D2B520C69F7800F08146 /* Debug */ = {
			isa = XCBuildConfiguration;
			baseConfigurationReference = 578970EB60F1E6E5E0667E4B /* Pods-RealTimeChatUITests.debug.xcconfig */;
			buildSettings = {
				ALWAYS_EMBED_SWIFT_STANDARD_LIBRARIES = YES;
				CODE_SIGN_STYLE = Automatic;
				INFOPLIST_FILE = RealTimeChatUITests/Info.plist;
				LD_RUNPATH_SEARCH_PATHS = "$(inherited) @executable_path/Frameworks @loader_path/Frameworks";
				PRODUCT_BUNDLE_IDENTIFIER = huy.trinh.RealTimeChatUITests;
				PRODUCT_NAME = "$(TARGET_NAME)";
				SWIFT_VERSION = 4.0;
				TARGETED_DEVICE_FAMILY = "1,2";
				TEST_TARGET_NAME = RealTimeChat;
			};
			name = Debug;
		};
		C347D2B620C69F7800F08146 /* Release */ = {
			isa = XCBuildConfiguration;
			baseConfigurationReference = DA86B198DF06EC59FB2BDC2D /* Pods-RealTimeChatUITests.release.xcconfig */;
			buildSettings = {
				ALWAYS_EMBED_SWIFT_STANDARD_LIBRARIES = YES;
				CODE_SIGN_STYLE = Automatic;
				INFOPLIST_FILE = RealTimeChatUITests/Info.plist;
				LD_RUNPATH_SEARCH_PATHS = "$(inherited) @executable_path/Frameworks @loader_path/Frameworks";
				PRODUCT_BUNDLE_IDENTIFIER = huy.trinh.RealTimeChatUITests;
				PRODUCT_NAME = "$(TARGET_NAME)";
				SWIFT_VERSION = 4.0;
				TARGETED_DEVICE_FAMILY = "1,2";
				TEST_TARGET_NAME = RealTimeChat;
			};
			name = Release;
		};
/* End XCBuildConfiguration section */

/* Begin XCConfigurationList section */
		C347D28120C69F7800F08146 /* Build configuration list for PBXProject "RealTimeChat" */ = {
			isa = XCConfigurationList;
			buildConfigurations = (
				C347D2AC20C69F7800F08146 /* Debug */,
				C347D2AD20C69F7800F08146 /* Release */,
			);
			defaultConfigurationIsVisible = 0;
			defaultConfigurationName = Release;
		};
		C347D2AE20C69F7800F08146 /* Build configuration list for PBXNativeTarget "RealTimeChat" */ = {
			isa = XCConfigurationList;
			buildConfigurations = (
				C347D2AF20C69F7800F08146 /* Debug */,
				C347D2B020C69F7800F08146 /* Release */,
			);
			defaultConfigurationIsVisible = 0;
			defaultConfigurationName = Release;
		};
		C347D2B120C69F7800F08146 /* Build configuration list for PBXNativeTarget "RealTimeChatTests" */ = {
			isa = XCConfigurationList;
			buildConfigurations = (
				C347D2B220C69F7800F08146 /* Debug */,
				C347D2B320C69F7800F08146 /* Release */,
			);
			defaultConfigurationIsVisible = 0;
			defaultConfigurationName = Release;
		};
		C347D2B420C69F7800F08146 /* Build configuration list for PBXNativeTarget "RealTimeChatUITests" */ = {
			isa = XCConfigurationList;
			buildConfigurations = (
				C347D2B520C69F7800F08146 /* Debug */,
				C347D2B620C69F7800F08146 /* Release */,
			);
			defaultConfigurationIsVisible = 0;
			defaultConfigurationName = Release;
		};
/* End XCConfigurationList section */
	};
	rootObject = C347D27E20C69F7800F08146 /* Project object */;
}
